
Microsoft Visual Studio Solution File, Format Version 12.00
# Visual Studio 15
Project("{FAE04EC0-301F-11D3-BF4B-00C04F79EFBC}") = "Assembly-CSharp", "Assembly-CSharp.csproj", "{308DD180-15AF-A417-C7B0-D7233E731D39}"
EndProject
Project("{FAE04EC0-301F-11D3-BF4B-00C04F79EFBC}") = "Assembly-CSharp-Editor", "Assembly-CSharp-Editor.csproj", "{598AD49F-2E48-BD37-4A73-D4B2C54A6266}"
EndProject
Global
	GlobalSection(SolutionConfigurationPlatforms) = preSolution
		Debug|Any CPU = Debug|Any CPU
		Release|Any CPU = Release|Any CPU
	EndGlobalSection
	GlobalSection(ProjectConfigurationPlatforms) = postSolution
		{308DD180-15AF-A417-C7B0-D7233E731D39}.Debug|Any CPU.ActiveCfg = Debug|Any CPU
		{308DD180-15AF-A417-C7B0-D7233E731D39}.Debug|Any CPU.Build.0 = Debug|Any CPU
		{308DD180-15AF-A417-C7B0-D7233E731D39}.Release|Any CPU.ActiveCfg = Release|Any CPU
		{308DD180-15AF-A417-C7B0-D7233E731D39}.Release|Any CPU.Build.0 = Release|Any CPU
		{598AD49F-2E48-BD37-4A73-D4B2C54A6266}.Debug|Any CPU.ActiveCfg = Debug|Any CPU
		{598AD49F-2E48-BD37-4A73-D4B2C54A6266}.Debug|Any CPU.Build.0 = Debug|Any CPU
		{598AD49F-2E48-BD37-4A73-D4B2C54A6266}.Release|Any CPU.ActiveCfg = Release|Any CPU
		{598AD49F-2E48-BD37-4A73-D4B2C54A6266}.Release|Any CPU.Build.0 = Release|Any CPU
	EndGlobalSection
	GlobalSection(SolutionProperties) = preSolution
		HideSolutionNode = FALSE
	EndGlobalSection
EndGlobal
